
Microsoft Visual Studio Solution File, Format Version 12.00
# Visual Studio Version 17
VisualStudioVersion = 17.14.36408.4 d17.14
MinimumVisualStudioVersion = 10.0.40219.1
Project("{F184B08F-C81C-45F6-A57F-5ABD9991F28F}") = "VsCompileAndGetErrorList", "VsCompileAndGetErrorList.vbproj", "{C3B671E9-B33E-4F97-9E15-580C72C25996}"
EndProject
Global
	GlobalSection(SolutionConfigurationPlatforms) = preSolution
		Debug|Any CPU = Debug|Any CPU
		Debug|arm64 = Debug|arm64
		Debug|x86 = Debug|x86
		Release|Any CPU = Release|Any CPU
		Release|arm64 = Release|arm64
		Release|x86 = Release|x86
	EndGlobalSection
	GlobalSection(ProjectConfigurationPlatforms) = postSolution
		{C3B671E9-B33E-4F97-9E15-580C72C25996}.Debug|Any CPU.ActiveCfg = Debug|Any CPU
		{C3B671E9-B33E-4F97-9E15-580C72C25996}.Debug|Any CPU.Build.0 = Debug|Any CPU
		{C3B671E9-B33E-4F97-9E15-580C72C25996}.Debug|arm64.ActiveCfg = Debug|arm64
		{C3B671E9-B33E-4F97-9E15-580C72C25996}.Debug|arm64.Build.0 = Debug|arm64
		{C3B671E9-B33E-4F97-9E15-580C72C25996}.Debug|x86.ActiveCfg = Debug|x86
		{C3B671E9-B33E-4F97-9E15-580C72C25996}.Debug|x86.Build.0 = Debug|x86
		{C3B671E9-B33E-4F97-9E15-580C72C25996}.Release|Any CPU.ActiveCfg = Release|Any CPU
		{C3B671E9-B33E-4F97-9E15-580C72C25996}.Release|Any CPU.Build.0 = Release|Any CPU
		{C3B671E9-B33E-4F97-9E15-580C72C25996}.Release|arm64.ActiveCfg = Release|arm64
		{C3B671E9-B33E-4F97-9E15-580C72C25996}.Release|arm64.Build.0 = Release|arm64
		{C3B671E9-B33E-4F97-9E15-580C72C25996}.Release|x86.ActiveCfg = Release|x86
		{C3B671E9-B33E-4F97-9E15-580C72C25996}.Release|x86.Build.0 = Release|x86
	EndGlobalSection
	GlobalSection(SolutionProperties) = preSolution
		HideSolutionNode = FALSE
	EndGlobalSection
	GlobalSection(ExtensibilityGlobals) = postSolution
		SolutionGuid = {D285720D-DCAF-4F9D-95C5-136C484435FA}
	EndGlobalSection
EndGlobal
